// !$*UTF8*$!
{
	archiveVersion = 1;
	classes = {
	};
	objectVersion = 56;
	objects = {

/* Begin PBXBuildFile section */
		4305D6882BBB34770053E120 /* AppDelegate.swift in Sources */ = {isa = PBXBuildFile; fileRef = 4305D6872BBB34770053E120 /* AppDelegate.swift */; };
		4305D68A2BBB34770053E120 /* SceneDelegate.swift in Sources */ = {isa = PBXBuildFile; fileRef = 4305D6892BBB34770053E120 /* SceneDelegate.swift */; };
		4305D68F2BBB34770053E120 /* Main.storyboard in Resources */ = {isa = PBXBuildFile; fileRef = 4305D68D2BBB34770053E120 /* Main.storyboard */; };
		4305D6912BBB347C0053E120 /* Assets.xcassets in Resources */ = {isa = PBXBuildFile; fileRef = 4305D6902BBB347C0053E120 /* Assets.xcassets */; };
		4305D6942BBB347C0053E120 /* LaunchScreen.storyboard in Resources */ = {isa = PBXBuildFile; fileRef = 4305D6922BBB347C0053E120 /* LaunchScreen.storyboard */; };
		4305D6A02BBB3A040053E120 /* NetworkProvider.swift in Sources */ = {isa = PBXBuildFile; fileRef = 4305D69F2BBB3A040053E120 /* NetworkProvider.swift */; };
		4305D6A22BBB43580053E120 /* JobModel.swift in Sources */ = {isa = PBXBuildFile; fileRef = 4305D6A12BBB43580053E120 /* JobModel.swift */; };
		4305D6A42BBB44300053E120 /* RemoteJobViewModel.swift in Sources */ = {isa = PBXBuildFile; fileRef = 4305D6A32BBB44300053E120 /* RemoteJobViewModel.swift */; };
		4305D6A62BBB44520053E120 /* RemoteJobViewController.swift in Sources */ = {isa = PBXBuildFile; fileRef = 4305D6A52BBB44520053E120 /* RemoteJobViewController.swift */; };
		4305D6A82BBB44770053E120 /* NetworkService.swift in Sources */ = {isa = PBXBuildFile; fileRef = 4305D6A72BBB44770053E120 /* NetworkService.swift */; };
		4305D6AA2BBB454D0053E120 /* Result.swift in Sources */ = {isa = PBXBuildFile; fileRef = 4305D6A92BBB454D0053E120 /* Result.swift */; };
		4364BB1C2BBC19D200B1F50F /* FavoriteViewController.swift in Sources */ = {isa = PBXBuildFile; fileRef = 4364BB1B2BBC19D200B1F50F /* FavoriteViewController.swift */; };
		4364BB202BBC1AD700B1F50F /* JobTableViewCell.swift in Sources */ = {isa = PBXBuildFile; fileRef = 4364BB1F2BBC1AD700B1F50F /* JobTableViewCell.swift */; };
		DBD94C88EAD99998D4D6A24B /* Pods_jobicy.framework in Frameworks */ = {isa = PBXBuildFile; fileRef = F367F08A3C64AED021FF942E /* Pods_jobicy.framework */; };
/* End PBXBuildFile section */

/* Begin PBXFileReference section */
		4305D6842BBB34770053E120 /* jobicy.app */ = {isa = PBXFileReference; explicitFileType = wrapper.application; includeInIndex = 0; path = jobicy.app; sourceTree = BUILT_PRODUCTS_DIR; };
		4305D6872BBB34770053E120 /* AppDelegate.swift */ = {isa = PBXFileReference; lastKnownFileType = sourcecode.swift; path = AppDelegate.swift; sourceTree = "<group>"; };
		4305D6892BBB34770053E120 /* SceneDelegate.swift */ = {isa = PBXFileReference; lastKnownFileType = sourcecode.swift; path = SceneDelegate.swift; sourceTree = "<group>"; };
		4305D68E2BBB34770053E120 /* Base */ = {isa = PBXFileReference; lastKnownFileType = file.storyboard; name = Base; path = Base.lproj/Main.storyboard; sourceTree = "<group>"; };
		4305D6902BBB347C0053E120 /* Assets.xcassets */ = {isa = PBXFileReference; lastKnownFileType = folder.assetcatalog; path = Assets.xcassets; sourceTree = "<group>"; };
		4305D6932BBB347C0053E120 /* Base */ = {isa = PBXFileReference; lastKnownFileType = file.storyboard; name = Base; path = Base.lproj/LaunchScreen.storyboard; sourceTree = "<group>"; };
		4305D6952BBB347C0053E120 /* Info.plist */ = {isa = PBXFileReference; lastKnownFileType = text.plist.xml; path = Info.plist; sourceTree = "<group>"; };
		4305D69F2BBB3A040053E120 /* NetworkProvider.swift */ = {isa = PBXFileReference; lastKnownFileType = sourcecode.swift; path = NetworkProvider.swift; sourceTree = "<group>"; };
		4305D6A12BBB43580053E120 /* JobModel.swift */ = {isa = PBXFileReference; lastKnownFileType = sourcecode.swift; path = JobModel.swift; sourceTree = "<group>"; };
		4305D6A32BBB44300053E120 /* RemoteJobViewModel.swift */ = {isa = PBXFileReference; lastKnownFileType = sourcecode.swift; path = RemoteJobViewModel.swift; sourceTree = "<group>"; };
		4305D6A52BBB44520053E120 /* RemoteJobViewController.swift */ = {isa = PBXFileReference; lastKnownFileType = sourcecode.swift; path = RemoteJobViewController.swift; sourceTree = "<group>"; };
		4305D6A72BBB44770053E120 /* NetworkService.swift */ = {isa = PBXFileReference; lastKnownFileType = sourcecode.swift; path = NetworkService.swift; sourceTree = "<group>"; };
		4305D6A92BBB454D0053E120 /* Result.swift */ = {isa = PBXFileReference; lastKnownFileType = sourcecode.swift; path = Result.swift; sourceTree = "<group>"; };
		43598EEC2BBC937E007B494B /* Readme.md */ = {isa = PBXFileReference; lastKnownFileType = net.daringfireball.markdown; path = Readme.md; sourceTree = "<group>"; };
		43598EED2BBC944C007B494B /* Resources */ = {isa = PBXFileReference; lastKnownFileType = folder; path = Resources; sourceTree = "<group>"; };
		4364BB1B2BBC19D200B1F50F /* FavoriteViewController.swift */ = {isa = PBXFileReference; lastKnownFileType = sourcecode.swift; path = FavoriteViewController.swift; sourceTree = "<group>"; };
		4364BB1F2BBC1AD700B1F50F /* JobTableViewCell.swift */ = {isa = PBXFileReference; lastKnownFileType = sourcecode.swift; path = JobTableViewCell.swift; sourceTree = "<group>"; };
		50FC24613181F3F52699B0D0 /* Pods-jobicy.debug.xcconfig */ = {isa = PBXFileReference; includeInIndex = 1; lastKnownFileType = text.xcconfig; name = "Pods-jobicy.debug.xcconfig"; path = "Target Support Files/Pods-jobicy/Pods-jobicy.debug.xcconfig"; sourceTree = "<group>"; };
		841F1AB4DDED0DDC4FFC8C36 /* Pods-jobicy.release.xcconfig */ = {isa = PBXFileReference; includeInIndex = 1; lastKnownFileType = text.xcconfig; name = "Pods-jobicy.release.xcconfig"; path = "Target Support Files/Pods-jobicy/Pods-jobicy.release.xcconfig"; sourceTree = "<group>"; };
		F367F08A3C64AED021FF942E /* Pods_jobicy.framework */ = {isa = PBXFileReference; explicitFileType = wrapper.framework; includeInIndex = 0; path = Pods_jobicy.framework; sourceTree = BUILT_PRODUCTS_DIR; };
/* End PBXFileReference section */

/* Begin PBXFrameworksBuildPhase section */
		4305D6812BBB34770053E120 /* Frameworks */ = {
			isa = PBXFrameworksBuildPhase;
			buildActionMask = 2147483647;
			files = (
				DBD94C88EAD99998D4D6A24B /* Pods_jobicy.framework in Frameworks */,
			);
			runOnlyForDeploymentPostprocessing = 0;
		};
/* End PBXFrameworksBuildPhase section */

/* Begin PBXGroup section */
		4305D67B2BBB34770053E120 = {
			isa = PBXGroup;
			children = (
				43598EEC2BBC937E007B494B /* Readme.md */,
				4305D6862BBB34770053E120 /* jobicy */,
				4305D6852BBB34770053E120 /* Products */,
				7F65D91FDD20608FB6080193 /* Pods */,
				8135560DEE6F255101816011 /* Frameworks */,
			);
			sourceTree = "<group>";
		};
		4305D6852BBB34770053E120 /* Products */ = {
			isa = PBXGroup;
			children = (
				4305D6842BBB34770053E120 /* jobicy.app */,
			);
			name = Products;
			sourceTree = "<group>";
		};
		4305D6862BBB34770053E120 /* jobicy */ = {
			isa = PBXGroup;
			children = (
				43598EED2BBC944C007B494B /* Resources */,
				4305D69E2BBB39DD0053E120 /* NetworkLayer */,
				4305D69B2BBB394D0053E120 /* Model */,
				4305D69C2BBB39C00053E120 /* View */,
				4305D69D2BBB39C80053E120 /* ViewModel */,
				4305D6872BBB34770053E120 /* AppDelegate.swift */,
				4305D6892BBB34770053E120 /* SceneDelegate.swift */,
				4305D68D2BBB34770053E120 /* Main.storyboard */,
				4305D6902BBB347C0053E120 /* Assets.xcassets */,
				4305D6922BBB347C0053E120 /* LaunchScreen.storyboard */,
				4305D6952BBB347C0053E120 /* Info.plist */,
			);
			path = jobicy;
			sourceTree = "<group>";
		};
		4305D69B2BBB394D0053E120 /* Model */ = {
			isa = PBXGroup;
			children = (
				4305D6A12BBB43580053E120 /* JobModel.swift */,
			);
			path = Model;
			sourceTree = "<group>";
		};
		4305D69C2BBB39C00053E120 /* View */ = {
			isa = PBXGroup;
			children = (
				4305D6A52BBB44520053E120 /* RemoteJobViewController.swift */,
				4364BB1B2BBC19D200B1F50F /* FavoriteViewController.swift */,
				4364BB1F2BBC1AD700B1F50F /* JobTableViewCell.swift */,
			);
			path = View;
			sourceTree = "<group>";
		};
		4305D69D2BBB39C80053E120 /* ViewModel */ = {
			isa = PBXGroup;
			children = (
				4305D6A32BBB44300053E120 /* RemoteJobViewModel.swift */,
			);
			path = ViewModel;
			sourceTree = "<group>";
		};
		4305D69E2BBB39DD0053E120 /* NetworkLayer */ = {
			isa = PBXGroup;
			children = (
				4305D69F2BBB3A040053E120 /* NetworkProvider.swift */,
				4305D6A72BBB44770053E120 /* NetworkService.swift */,
				4305D6A92BBB454D0053E120 /* Result.swift */,
			);
			path = NetworkLayer;
			sourceTree = "<group>";
		};
		7F65D91FDD20608FB6080193 /* Pods */ = {
			isa = PBXGroup;
			children = (
				50FC24613181F3F52699B0D0 /* Pods-jobicy.debug.xcconfig */,
				841F1AB4DDED0DDC4FFC8C36 /* Pods-jobicy.release.xcconfig */,
			);
			path = Pods;
			sourceTree = "<group>";
		};
		8135560DEE6F255101816011 /* Frameworks */ = {
			isa = PBXGroup;
			children = (
				F367F08A3C64AED021FF942E /* Pods_jobicy.framework */,
			);
			name = Frameworks;
			sourceTree = "<group>";
		};
/* End PBXGroup section */

/* Begin PBXNativeTarget section */
		4305D6832BBB34770053E120 /* jobicy */ = {
			isa = PBXNativeTarget;
			buildConfigurationList = 4305D6982BBB347C0053E120 /* Build configuration list for PBXNativeTarget "jobicy" */;
			buildPhases = (
				76275BE96BAED12D1499ACDB /* [CP] Check Pods Manifest.lock */,
				4305D6802BBB34770053E120 /* Sources */,
				4305D6812BBB34770053E120 /* Frameworks */,
				4305D6822BBB34770053E120 /* Resources */,
				3BD2B933AEB643438AD4F76E /* [CP] Embed Pods Frameworks */,
			);
			buildRules = (
			);
			dependencies = (
			);
			name = jobicy;
			productName = jobicy;
			productReference = 4305D6842BBB34770053E120 /* jobicy.app */;
			productType = "com.apple.product-type.application";
		};
/* End PBXNativeTarget section */

/* Begin PBXProject section */
		4305D67C2BBB34770053E120 /* Project object */ = {
			isa = PBXProject;
			attributes = {
				BuildIndependentTargetsInParallel = 1;
				LastSwiftUpdateCheck = 1430;
				LastUpgradeCheck = 1430;
				TargetAttributes = {
					4305D6832BBB34770053E120 = {
						CreatedOnToolsVersion = 14.3.1;
					};
				};
			};
			buildConfigurationList = 4305D67F2BBB34770053E120 /* Build configuration list for PBXProject "jobicy" */;
			compatibilityVersion = "Xcode 14.0";
			developmentRegion = en;
			hasScannedForEncodings = 0;
			knownRegions = (
				en,
				Base,
			);
			mainGroup = 4305D67B2BBB34770053E120;
			productRefGroup = 4305D6852BBB34770053E120 /* Products */;
			projectDirPath = "";
			projectRoot = "";
			targets = (
				4305D6832BBB34770053E120 /* jobicy */,
			);
		};
/* End PBXProject section */

/* Begin PBXResourcesBuildPhase section */
		4305D6822BBB34770053E120 /* Resources */ = {
			isa = PBXResourcesBuildPhase;
			buildActionMask = 2147483647;
			files = (
				4305D6942BBB347C0053E120 /* LaunchScreen.storyboard in Resources */,
				4305D6912BBB347C0053E120 /* Assets.xcassets in Resources */,
				4305D68F2BBB34770053E120 /* Main.storyboard in Resources */,
			);
			runOnlyForDeploymentPostprocessing = 0;
		};
/* End PBXResourcesBuildPhase section */

/* Begin PBXShellScriptBuildPhase section */
		3BD2B933AEB643438AD4F76E /* [CP] Embed Pods Frameworks */ = {
			isa = PBXShellScriptBuildPhase;
			buildActionMask = 2147483647;
			files = (
			);
			inputFileListPaths = (
				"${PODS_ROOT}/Target Support Files/Pods-jobicy/Pods-jobicy-frameworks-${CONFIGURATION}-input-files.xcfilelist",
			);
			name = "[CP] Embed Pods Frameworks";
			outputFileListPaths = (
				"${PODS_ROOT}/Target Support Files/Pods-jobicy/Pods-jobicy-frameworks-${CONFIGURATION}-output-files.xcfilelist",
			);
			runOnlyForDeploymentPostprocessing = 0;
			shellPath = /bin/sh;
			shellScript = "\"${PODS_ROOT}/Target Support Files/Pods-jobicy/Pods-jobicy-frameworks.sh\"\n";
			showEnvVarsInLog = 0;
		};
		76275BE96BAED12D1499ACDB /* [CP] Check Pods Manifest.lock */ = {
			isa = PBXShellScriptBuildPhase;
			buildActionMask = 2147483647;
			files = (
			);
			inputFileListPaths = (
			);
			inputPaths = (
				"${PODS_PODFILE_DIR_PATH}/Podfile.lock",
				"${PODS_ROOT}/Manifest.lock",
			);
			name = "[CP] Check Pods Manifest.lock";
			outputFileListPaths = (
			);
			outputPaths = (
				"$(DERIVED_FILE_DIR)/Pods-jobicy-checkManifestLockResult.txt",
			);
			runOnlyForDeploymentPostprocessing = 0;
			shellPath = /bin/sh;
			shellScript = "diff \"${PODS_PODFILE_DIR_PATH}/Podfile.lock\" \"${PODS_ROOT}/Manifest.lock\" > /dev/null\nif [ $? != 0 ] ; then\n    # print error to STDERR\n    echo \"error: The sandbox is not in sync with the Podfile.lock. Run 'pod install' or update your CocoaPods installation.\" >&2\n    exit 1\nfi\n# This output is used by Xcode 'outputs' to avoid re-running this script phase.\necho \"SUCCESS\" > \"${SCRIPT_OUTPUT_FILE_0}\"\n";
			showEnvVarsInLog = 0;
		};
/* End PBXShellScriptBuildPhase section */

/* Begin PBXSourcesBuildPhase section */
		4305D6802BBB34770053E120 /* Sources */ = {
			isa = PBXSourcesBuildPhase;
			buildActionMask = 2147483647;
			files = (
				4305D6AA2BBB454D0053E120 /* Result.swift in Sources */,
				4305D6A22BBB43580053E120 /* JobModel.swift in Sources */,
				4305D6A82BBB44770053E120 /* NetworkService.swift in Sources */,
				4364BB1C2BBC19D200B1F50F /* FavoriteViewController.swift in Sources */,
				4364BB202BBC1AD700B1F50F /* JobTableViewCell.swift in Sources */,
				4305D6A42BBB44300053E120 /* RemoteJobViewModel.swift in Sources */,
				4305D6A02BBB3A040053E120 /* NetworkProvider.swift in Sources */,
				4305D6A62BBB44520053E120 /* RemoteJobViewController.swift in Sources */,
				4305D6882BBB34770053E120 /* AppDelegate.swift in Sources */,
				4305D68A2BBB34770053E120 /* SceneDelegate.swift in Sources */,
			);
			runOnlyForDeploymentPostprocessing = 0;
		};
/* End PBXSourcesBuildPhase section */

/* Begin PBXVariantGroup section */
		4305D68D2BBB34770053E120 /* Main.storyboard */ = {
			isa = PBXVariantGroup;
			children = (
				4305D68E2BBB34770053E120 /* Base */,
			);
			name = Main.storyboard;
			sourceTree = "<group>";
		};
		4305D6922BBB347C0053E120 /* LaunchScreen.storyboard */ = {
			isa = PBXVariantGroup;
			children = (
				4305D6932BBB347C0053E120 /* Base */,
			);
			name = LaunchScreen.storyboard;
			sourceTree = "<group>";
		};
/* End PBXVariantGroup section */

/* Begin XCBuildConfiguration section */
		4305D6962BBB347C0053E120 /* Debug */ = {
			isa = XCBuildConfiguration;
			buildSettings = {
				ALWAYS_SEARCH_USER_PATHS = NO;
				CLANG_ANALYZER_NONNULL = YES;
				CLANG_ANALYZER_NUMBER_OBJECT_CONVERSION = YES_AGGRESSIVE;
				CLANG_CXX_LANGUAGE_STANDARD = "gnu++20";
				CLANG_ENABLE_MODULES = YES;
				CLANG_ENABLE_OBJC_ARC = YES;
				CLANG_ENABLE_OBJC_WEAK = YES;
				CLANG_WARN_BLOCK_CAPTURE_AUTORELEASING = YES;
				CLANG_WARN_BOOL_CONVERSION = YES;
				CLANG_WARN_COMMA = YES;
				CLANG_WARN_CONSTANT_CONVERSION = YES;
				CLANG_WARN_DEPRECATED_OBJC_IMPLEMENTATIONS = YES;
				CLANG_WARN_DIRECT_OBJC_ISA_USAGE = YES_ERROR;
				CLANG_WARN_DOCUMENTATION_COMMENTS = YES;
				CLANG_WARN_EMPTY_BODY = YES;
				CLANG_WARN_ENUM_CONVERSION = YES;
				CLANG_WARN_INFINITE_RECURSION = YES;
				CLANG_WARN_INT_CONVERSION = YES;
				CLANG_WARN_NON_LITERAL_NULL_CONVERSION = YES;
				CLANG_WARN_OBJC_IMPLICIT_RETAIN_SELF = YES;
				CLANG_WARN_OBJC_LITERAL_CONVERSION = YES;
				CLANG_WARN_OBJC_ROOT_CLASS = YES_ERROR;
				CLANG_WARN_QUOTED_INCLUDE_IN_FRAMEWORK_HEADER = YES;
				CLANG_WARN_RANGE_LOOP_ANALYSIS = YES;
				CLANG_WARN_STRICT_PROTOTYPES = YES;
				CLANG_WARN_SUSPICIOUS_MOVE = YES;
				CLANG_WARN_UNGUARDED_AVAILABILITY = YES_AGGRESSIVE;
				CLANG_WARN_UNREACHABLE_CODE = YES;
				CLANG_WARN__DUPLICATE_METHOD_MATCH = YES;
				COPY_PHASE_STRIP = NO;
				DEBUG_INFORMATION_FORMAT = dwarf;
				ENABLE_STRICT_OBJC_MSGSEND = YES;
				ENABLE_TESTABILITY = YES;
				GCC_C_LANGUAGE_STANDARD = gnu11;
				GCC_DYNAMIC_NO_PIC = NO;
				GCC_NO_COMMON_BLOCKS = YES;
				GCC_OPTIMIZATION_LEVEL = 0;
				GCC_PREPROCESSOR_DEFINITIONS = (
					"DEBUG=1",
					"$(inherited)",
				);
				GCC_WARN_64_TO_32_BIT_CONVERSION = YES;
				GCC_WARN_ABOUT_RETURN_TYPE = YES_ERROR;
				GCC_WARN_UNDECLARED_SELECTOR = YES;
				GCC_WARN_UNINITIALIZED_AUTOS = YES_AGGRESSIVE;
				GCC_WARN_UNUSED_FUNCTION = YES;
				GCC_WARN_UNUSED_VARIABLE = YES;
				IPHONEOS_DEPLOYMENT_TARGET = 16.4;
				MTL_ENABLE_DEBUG_INFO = INCLUDE_SOURCE;
				MTL_FAST_MATH = YES;
				ONLY_ACTIVE_ARCH = YES;
				SDKROOT = iphoneos;
				SWIFT_ACTIVE_COMPILATION_CONDITIONS = DEBUG;
				SWIFT_OPTIMIZATION_LEVEL = "-Onone";
			};
			name = Debug;
		};
		4305D6972BBB347C0053E120 /* Release */ = {
			isa = XCBuildConfiguration;
			buildSettings = {
				ALWAYS_SEARCH_USER_PATHS = NO;
				CLANG_ANALYZER_NONNULL = YES;
				CLANG_ANALYZER_NUMBER_OBJECT_CONVERSION = YES_AGGRESSIVE;
				CLANG_CXX_LANGUAGE_STANDARD = "gnu++20";
				CLANG_ENABLE_MODULES = YES;
				CLANG_ENABLE_OBJC_ARC = YES;
				CLANG_ENABLE_OBJC_WEAK = YES;
				CLANG_WARN_BLOCK_CAPTURE_AUTORELEASING = YES;
				CLANG_WARN_BOOL_CONVERSION = YES;
				CLANG_WARN_COMMA = YES;
				CLANG_WARN_CONSTANT_CONVERSION = YES;
				CLANG_WARN_DEPRECATED_OBJC_IMPLEMENTATIONS = YES;
				CLANG_WARN_DIRECT_OBJC_ISA_USAGE = YES_ERROR;
				CLANG_WARN_DOCUMENTATION_COMMENTS = YES;
				CLANG_WARN_EMPTY_BODY = YES;
				CLANG_WARN_ENUM_CONVERSION = YES;
				CLANG_WARN_INFINITE_RECURSION = YES;
				CLANG_WARN_INT_CONVERSION = YES;
				CLANG_WARN_NON_LITERAL_NULL_CONVERSION = YES;
				CLANG_WARN_OBJC_IMPLICIT_RETAIN_SELF = YES;
				CLANG_WARN_OBJC_LITERAL_CONVERSION = YES;
				CLANG_WARN_OBJC_ROOT_CLASS = YES_ERROR;
				CLANG_WARN_QUOTED_INCLUDE_IN_FRAMEWORK_HEADER = YES;
				CLANG_WARN_RANGE_LOOP_ANALYSIS = YES;
				CLANG_WARN_STRICT_PROTOTYPES = YES;
				CLANG_WARN_SUSPICIOUS_MOVE = YES;
				CLANG_WARN_UNGUARDED_AVAILABILITY = YES_AGGRESSIVE;
				CLANG_WARN_UNREACHABLE_CODE = YES;
				CLANG_WARN__DUPLICATE_METHOD_MATCH = YES;
				COPY_PHASE_STRIP = NO;
				DEBUG_INFORMATION_FORMAT = "dwarf-with-dsym";
				ENABLE_NS_ASSERTIONS = NO;
				ENABLE_STRICT_OBJC_MSGSEND = YES;
				GCC_C_LANGUAGE_STANDARD = gnu11;
				GCC_NO_COMMON_BLOCKS = YES;
				GCC_WARN_64_TO_32_BIT_CONVERSION = YES;
				GCC_WARN_ABOUT_RETURN_TYPE = YES_ERROR;
				GCC_WARN_UNDECLARED_SELECTOR = YES;
				GCC_WARN_UNINITIALIZED_AUTOS = YES_AGGRESSIVE;
				GCC_WARN_UNUSED_FUNCTION = YES;
				GCC_WARN_UNUSED_VARIABLE = YES;
				IPHONEOS_DEPLOYMENT_TARGET = 16.4;
				MTL_ENABLE_DEBUG_INFO = NO;
				MTL_FAST_MATH = YES;
				SDKROOT = iphoneos;
				SWIFT_COMPILATION_MODE = wholemodule;
				SWIFT_OPTIMIZATION_LEVEL = "-O";
				VALIDATE_PRODUCT = YES;
			};
			name = Release;
		};
		4305D6992BBB347C0053E120 /* Debug */ = {
			isa = XCBuildConfiguration;
			baseConfigurationReference = 50FC24613181F3F52699B0D0 /* Pods-jobicy.debug.xcconfig */;
			buildSettings = {
				ASSETCATALOG_COMPILER_APPICON_NAME = AppIcon;
				ASSETCATALOG_COMPILER_GLOBAL_ACCENT_COLOR_NAME = AccentColor;
				CODE_SIGN_STYLE = Automatic;
				CURRENT_PROJECT_VERSION = 1;
				DEVELOPMENT_TEAM = 83P5KX79QJ;
				GENERATE_INFOPLIST_FILE = YES;
				INFOPLIST_FILE = jobicy/Info.plist;
				INFOPLIST_KEY_UIApplicationSupportsIndirectInputEvents = YES;
				INFOPLIST_KEY_UILaunchStoryboardName = LaunchScreen;
				INFOPLIST_KEY_UIMainStoryboardFile = Main;
				INFOPLIST_KEY_UISupportedInterfaceOrientations_iPad = "UIInterfaceOrientationPortrait UIInterfaceOrientationPortraitUpsideDown UIInterfaceOrientationLandscapeLeft UIInterfaceOrientationLandscapeRight";
				INFOPLIST_KEY_UISupportedInterfaceOrientations_iPhone = "UIInterfaceOrientationPortrait UIInterfaceOrientationLandscapeLeft UIInterfaceOrientationLandscapeRight";
				IPHONEOS_DEPLOYMENT_TARGET = 16.4;
				LD_RUNPATH_SEARCH_PATHS = (
					"$(inherited)",
					"@executable_path/Frameworks",
				);
				MARKETING_VERSION = 1.0;
				PRODUCT_BUNDLE_IDENTIFIER = dev.yaser.jobicy;
				PRODUCT_NAME = "$(TARGET_NAME)";
				SWIFT_EMIT_LOC_STRINGS = YES;
				SWIFT_VERSION = 5.0;
				TARGETED_DEVICE_FAMILY = "1,2";
			};
			name = Debug;
		};
		4305D69A2BBB347C0053E120 /* Release */ = {
			isa = XCBuildConfiguration;
			baseConfigurationReference = 841F1AB4DDED0DDC4FFC8C36 /* Pods-jobicy.release.xcconfig */;
			buildSettings = {
				ASSETCATALOG_COMPILER_APPICON_NAME = AppIcon;
				ASSETCATALOG_COMPILER_GLOBAL_ACCENT_COLOR_NAME = AccentColor;
				CODE_SIGN_STYLE = Automatic;
				CURRENT_PROJECT_VERSION = 1;
				DEVELOPMENT_TEAM = 83P5KX79QJ;
				GENERATE_INFOPLIST_FILE = YES;
				INFOPLIST_FILE = jobicy/Info.plist;
				INFOPLIST_KEY_UIApplicationSupportsIndirectInputEvents = YES;
				INFOPLIST_KEY_UILaunchStoryboardName = LaunchScreen;
				INFOPLIST_KEY_UIMainStoryboardFile = Main;
				INFOPLIST_KEY_UISupportedInterfaceOrientations_iPad = "UIInterfaceOrientationPortrait UIInterfaceOrientationPortraitUpsideDown UIInterfaceOrientationLandscapeLeft UIInterfaceOrientationLandscapeRight";
				INFOPLIST_KEY_UISupportedInterfaceOrientations_iPhone = "UIInterfaceOrientationPortrait UIInterfaceOrientationLandscapeLeft UIInterfaceOrientationLandscapeRight";
				IPHONEOS_DEPLOYMENT_TARGET = 16.4;
				LD_RUNPATH_SEARCH_PATHS = (
					"$(inherited)",
					"@executable_path/Frameworks",
				);
				MARKETING_VERSION = 1.0;
				PRODUCT_BUNDLE_IDENTIFIER = dev.yaser.jobicy;
				PRODUCT_NAME = "$(TARGET_NAME)";
				SWIFT_EMIT_LOC_STRINGS = YES;
				SWIFT_VERSION = 5.0;
				TARGETED_DEVICE_FAMILY = "1,2";
			};
			name = Release;
		};
/* End XCBuildConfiguration section */

/* Begin XCConfigurationList section */
		4305D67F2BBB34770053E120 /* Build configuration list for PBXProject "jobicy" */ = {
			isa = XCConfigurationList;
			buildConfigurations = (
				4305D6962BBB347C0053E120 /* Debug */,
				4305D6972BBB347C0053E120 /* Release */,
			);
			defaultConfigurationIsVisible = 0;
			defaultConfigurationName = Release;
		};
		4305D6982BBB347C0053E120 /* Build configuration list for PBXNativeTarget "jobicy" */ = {
			isa = XCConfigurationList;
			buildConfigurations = (
				4305D6992BBB347C0053E120 /* Debug */,
				4305D69A2BBB347C0053E120 /* Release */,
			);
			defaultConfigurationIsVisible = 0;
			defaultConfigurationName = Release;
		};
/* End XCConfigurationList section */
	};
	rootObject = 4305D67C2BBB34770053E120 /* Project object */;
}
